Microsoft Visual Studio Solution File, Format Version 12.00
# Visual Studio 2012
Project("{FAE04EC0-301F-11D3-BF4B-00C04F79EFBC}") = "Godot 4 2D Platformer Project", "Godot 4 2D Platformer Project.csproj", "{FECF8219-9DA8-4BA2-B312-2206C9B8A326}"
EndProject
Global
	GlobalSection(SolutionConfigurationPlatforms) = preSolution
	Debug|Any CPU = Debug|Any CPU
	ExportDebug|Any CPU = ExportDebug|Any CPU
	ExportRelease|Any CPU = ExportRelease|Any CPU
	EndGlobalSection
	GlobalSection(ProjectConfigurationPlatforms) = postSolution
		{FECF8219-9DA8-4BA2-B312-2206C9B8A326}.Debug|Any CPU.ActiveCfg = Debug|Any CPU
		{FECF8219-9DA8-4BA2-B312-2206C9B8A326}.Debug|Any CPU.Build.0 = Debug|Any CPU
		{FECF8219-9DA8-4BA2-B312-2206C9B8A326}.ExportDebug|Any CPU.ActiveCfg = ExportDebug|Any CPU
		{FECF8219-9DA8-4BA2-B312-2206C9B8A326}.ExportDebug|Any CPU.Build.0 = ExportDebug|Any CPU
		{FECF8219-9DA8-4BA2-B312-2206C9B8A326}.ExportRelease|Any CPU.ActiveCfg = ExportRelease|Any CPU
		{FECF8219-9DA8-4BA2-B312-2206C9B8A326}.ExportRelease|Any CPU.Build.0 = ExportRelease|Any CPU
	EndGlobalSection
EndGlobal
